// !$*UTF8*$!
{
	archiveVersion = 1;
	classes = {
	};
	objectVersion = 51;
	objects = {

/* Begin PBXBuildFile section */
		670B48250CA721958767FB4C /* Pods_Flix_FlixUITests.framework in Frameworks */ = {isa = PBXBuildFile; fileRef = ACAAF58F51C7FB0E19CB5A6F /* Pods_Flix_FlixUITests.framework */; };
		96A6B3AC30CF79532B01185C /* Pods_Flix.framework in Frameworks */ = {isa = PBXBuildFile; fileRef = 91EB72DF390EF4CAA53952FF /* Pods_Flix.framework */; };
		CDC91FC2F25CF473776BCF31 /* Pods_FlixTests.framework in Frameworks */ = {isa = PBXBuildFile; fileRef = 3AEEAA436F37D32F020424FA /* Pods_FlixTests.framework */; };
		DC42C2AE24A55394000D1A31 /* WebViewController.m in Sources */ = {isa = PBXBuildFile; fileRef = DC42C2AD24A55394000D1A31 /* WebViewController.m */; };
		DC5C03AA24A6703E002B4360 /* RatingCell.m in Sources */ = {isa = PBXBuildFile; fileRef = DC5C03A924A6703E002B4360 /* RatingCell.m */; };
		DC9DA64D24A3B9F200A02570 /* AppDelegate.m in Sources */ = {isa = PBXBuildFile; fileRef = DC9DA64C24A3B9F200A02570 /* AppDelegate.m */; };
		DC9DA65024A3B9F200A02570 /* SceneDelegate.m in Sources */ = {isa = PBXBuildFile; fileRef = DC9DA64F24A3B9F200A02570 /* SceneDelegate.m */; };
		DC9DA65624A3B9F200A02570 /* Main.storyboard in Resources */ = {isa = PBXBuildFile; fileRef = DC9DA65424A3B9F200A02570 /* Main.storyboard */; };
		DC9DA65824A3B9F300A02570 /* Assets.xcassets in Resources */ = {isa = PBXBuildFile; fileRef = DC9DA65724A3B9F300A02570 /* Assets.xcassets */; };
		DC9DA65B24A3B9F300A02570 /* LaunchScreen.storyboard in Resources */ = {isa = PBXBuildFile; fileRef = DC9DA65924A3B9F300A02570 /* LaunchScreen.storyboard */; };
		DC9DA65E24A3B9F300A02570 /* main.m in Sources */ = {isa = PBXBuildFile; fileRef = DC9DA65D24A3B9F300A02570 /* main.m */; };
		DC9DA66824A3B9F300A02570 /* FlixTests.m in Sources */ = {isa = PBXBuildFile; fileRef = DC9DA66724A3B9F300A02570 /* FlixTests.m */; };
		DC9DA67324A3B9F300A02570 /* FlixUITests.m in Sources */ = {isa = PBXBuildFile; fileRef = DC9DA67224A3B9F300A02570 /* FlixUITests.m */; };
		DC9DA68224A3BEBB00A02570 /* MoviesViewController.m in Sources */ = {isa = PBXBuildFile; fileRef = DC9DA68124A3BEBB00A02570 /* MoviesViewController.m */; };
		DCAD71A924A3C9840015C680 /* MovieCell.m in Sources */ = {isa = PBXBuildFile; fileRef = DCAD71A824A3C9840015C680 /* MovieCell.m */; };
		DCAD71AC24A3D3E20015C680 /* DetailsViewController.m in Sources */ = {isa = PBXBuildFile; fileRef = DCAD71AB24A3D3E20015C680 /* DetailsViewController.m */; };
		DCAD71AF24A3EE500015C680 /* GridMoviesViewController.m in Sources */ = {isa = PBXBuildFile; fileRef = DCAD71AE24A3EE500015C680 /* GridMoviesViewController.m */; };
		DCAD71B224A3F4AB0015C680 /* MovieCollectionCell.m in Sources */ = {isa = PBXBuildFile; fileRef = DCAD71B124A3F4AB0015C680 /* MovieCollectionCell.m */; };
		DCBBD4E324A6724C00A36C52 /* RRViewController.m in Sources */ = {isa = PBXBuildFile; fileRef = DCBBD4E224A6724C00A36C52 /* RRViewController.m */; };
/* End PBXBuildFile section */

/* Begin PBXContainerItemProxy section */
		DC9DA66424A3B9F300A02570 /* PBXContainerItemProxy */ = {
			isa = PBXContainerItemProxy;
			containerPortal = DC9DA64024A3B9F200A02570 /* Project object */;
			proxyType = 1;
			remoteGlobalIDString = DC9DA64724A3B9F200A02570;
			remoteInfo = Flix;
		};
		DC9DA66F24A3B9F300A02570 /* PBXContainerItemProxy */ = {
			isa = PBXContainerItemProxy;
			containerPortal = DC9DA64024A3B9F200A02570 /* Project object */;
			proxyType = 1;
			remoteGlobalIDString = DC9DA64724A3B9F200A02570;
			remoteInfo = Flix;
		};
/* End PBXContainerItemProxy section */

/* Begin PBXFileReference section */
		00F2A3C641FD4F1B3515EB4E /* Pods-Flix.release.xcconfig */ = {isa = PBXFileReference; includeInIndex = 1; lastKnownFileType = text.xcconfig; name = "Pods-Flix.release.xcconfig"; path = "Target Support Files/Pods-Flix/Pods-Flix.release.xcconfig"; sourceTree = "<group>"; };
		089297F9E09E445518615D8B /* Pods-Flix-FlixUITests.release.xcconfig */ = {isa = PBXFileReference; includeInIndex = 1; lastKnownFileType = text.xcconfig; name = "Pods-Flix-FlixUITests.release.xcconfig"; path = "Target Support Files/Pods-Flix-FlixUITests/Pods-Flix-FlixUITests.release.xcconfig"; sourceTree = "<group>"; };
		3AEEAA436F37D32F020424FA /* Pods_FlixTests.framework */ = {isa = PBXFileReference; explicitFileType = wrapper.framework; includeInIndex = 0; path = Pods_FlixTests.framework; sourceTree = BUILT_PRODUCTS_DIR; };
		6217EB6F43B5C27184641237 /* Pods-FlixTests.debug.xcconfig */ = {isa = PBXFileReference; includeInIndex = 1; lastKnownFileType = text.xcconfig; name = "Pods-FlixTests.debug.xcconfig"; path = "Target Support Files/Pods-FlixTests/Pods-FlixTests.debug.xcconfig"; sourceTree = "<group>"; };
		91EB72DF390EF4CAA53952FF /* Pods_Flix.framework */ = {isa = PBXFileReference; explicitFileType = wrapper.framework; includeInIndex = 0; path = Pods_Flix.framework; sourceTree = BUILT_PRODUCTS_DIR; };
		99E31D397AA84A3B6E35B05D /* Pods-Flix.debug.xcconfig */ = {isa = PBXFileReference; includeInIndex = 1; lastKnownFileType = text.xcconfig; name = "Pods-Flix.debug.xcconfig"; path = "Target Support Files/Pods-Flix/Pods-Flix.debug.xcconfig"; sourceTree = "<group>"; };
		ACAAF58F51C7FB0E19CB5A6F /* Pods_Flix_FlixUITests.framework */ = {isa = PBXFileReference; explicitFileType = wrapper.framework; includeInIndex = 0; path = Pods_Flix_FlixUITests.framework; sourceTree = BUILT_PRODUCTS_DIR; };
		B3A680870CAA7E3EEC1D4A54 /* Pods-Flix-FlixUITests.debug.xcconfig */ = {isa = PBXFileReference; includeInIndex = 1; lastKnownFileType = text.xcconfig; name = "Pods-Flix-FlixUITests.debug.xcconfig"; path = "Target Support Files/Pods-Flix-FlixUITests/Pods-Flix-FlixUITests.debug.xcconfig"; sourceTree = "<group>"; };
		D9FC960EDBAD56870CB95943 /* Pods-FlixTests.release.xcconfig */ = {isa = PBXFileReference; includeInIndex = 1; lastKnownFileType = text.xcconfig; name = "Pods-FlixTests.release.xcconfig"; path = "Target Support Files/Pods-FlixTests/Pods-FlixTests.release.xcconfig"; sourceTree = "<group>"; };
		DC42C2AC24A55394000D1A31 /* WebViewController.h */ = {isa = PBXFileReference; lastKnownFileType = sourcecode.c.h; path = WebViewController.h; sourceTree = "<group>"; };
		DC42C2AD24A55394000D1A31 /* WebViewController.m */ = {isa = PBXFileReference; lastKnownFileType = sourcecode.c.objc; path = WebViewController.m; sourceTree = "<group>"; };
		DC5C03A824A6703E002B4360 /* RatingCell.h */ = {isa = PBXFileReference; lastKnownFileType = sourcecode.c.h; path = RatingCell.h; sourceTree = "<group>"; };
		DC5C03A924A6703E002B4360 /* RatingCell.m */ = {isa = PBXFileReference; lastKnownFileType = sourcecode.c.objc; path = RatingCell.m; sourceTree = "<group>"; };
		DC9DA64824A3B9F200A02570 /* Flix.app */ = {isa = PBXFileReference; explicitFileType = wrapper.application; includeInIndex = 0; path = Flix.app; sourceTree = BUILT_PRODUCTS_DIR; };
		DC9DA64B24A3B9F200A02570 /* AppDelegate.h */ = {isa = PBXFileReference; lastKnownFileType = sourcecode.c.h; path = AppDelegate.h; sourceTree = "<group>"; };
		DC9DA64C24A3B9F200A02570 /* AppDelegate.m */ = {isa = PBXFileReference; lastKnownFileType = sourcecode.c.objc; path = AppDelegate.m; sourceTree = "<group>"; };
		DC9DA64E24A3B9F200A02570 /* SceneDelegate.h */ = {isa = PBXFileReference; lastKnownFileType = sourcecode.c.h; path = SceneDelegate.h; sourceTree = "<group>"; };
		DC9DA64F24A3B9F200A02570 /* SceneDelegate.m */ = {isa = PBXFileReference; lastKnownFileType = sourcecode.c.objc; path = SceneDelegate.m; sourceTree = "<group>"; };
		DC9DA65524A3B9F200A02570 /* Base */ = {isa = PBXFileReference; lastKnownFileType = file.storyboard; name = Base; path = Base.lproj/Main.storyboard; sourceTree = "<group>"; };
		DC9DA65724A3B9F300A02570 /* Assets.xcassets */ = {isa = PBXFileReference; lastKnownFileType = folder.assetcatalog; path = Assets.xcassets; sourceTree = "<group>"; };
		DC9DA65A24A3B9F300A02570 /* Base */ = {isa = PBXFileReference; lastKnownFileType = file.storyboard; name = Base; path = Base.lproj/LaunchScreen.storyboard; sourceTree = "<group>"; };
		DC9DA65C24A3B9F300A02570 /* Info.plist */ = {isa = PBXFileReference; lastKnownFileType = text.plist.xml; path = Info.plist; sourceTree = "<group>"; };
		DC9DA65D24A3B9F300A02570 /* main.m */ = {isa = PBXFileReference; lastKnownFileType = sourcecode.c.objc; path = main.m; sourceTree = "<group>"; };
		DC9DA66324A3B9F300A02570 /* FlixTests.xctest */ = {isa = PBXFileReference; explicitFileType = wrapper.cfbundle; includeInIndex = 0; path = FlixTests.xctest; sourceTree = BUILT_PRODUCTS_DIR; };
		DC9DA66724A3B9F300A02570 /* FlixTests.m */ = {isa = PBXFileReference; lastKnownFileType = sourcecode.c.objc; path = FlixTests.m; sourceTree = "<group>"; };
		DC9DA66924A3B9F300A02570 /* Info.plist */ = {isa = PBXFileReference; lastKnownFileType = text.plist.xml; path = Info.plist; sourceTree = "<group>"; };
		DC9DA66E24A3B9F300A02570 /* FlixUITests.xctest */ = {isa = PBXFileReference; explicitFileType = wrapper.cfbundle; includeInIndex = 0; path = FlixUITests.xctest; sourceTree = BUILT_PRODUCTS_DIR; };
		DC9DA67224A3B9F300A02570 /* FlixUITests.m */ = {isa = PBXFileReference; lastKnownFileType = sourcecode.c.objc; path = FlixUITests.m; sourceTree = "<group>"; };
		DC9DA67424A3B9F300A02570 /* Info.plist */ = {isa = PBXFileReference; lastKnownFileType = text.plist.xml; path = Info.plist; sourceTree = "<group>"; };
		DC9DA68024A3BEBB00A02570 /* MoviesViewController.h */ = {isa = PBXFileReference; lastKnownFileType = sourcecode.c.h; path = MoviesViewController.h; sourceTree = "<group>"; };
		DC9DA68124A3BEBB00A02570 /* MoviesViewController.m */ = {isa = PBXFileReference; lastKnownFileType = sourcecode.c.objc; name = MoviesViewController.m; path = Flix/ViewController/MoviesViewController.m; sourceTree = SOURCE_ROOT; };
		DCAD71A724A3C9840015C680 /* MovieCell.h */ = {isa = PBXFileReference; lastKnownFileType = sourcecode.c.h; name = MovieCell.h; path = Flix/Views/MovieCell.h; sourceTree = SOURCE_ROOT; };
		DCAD71A824A3C9840015C680 /* MovieCell.m */ = {isa = PBXFileReference; lastKnownFileType = sourcecode.c.objc; path = MovieCell.m; sourceTree = "<group>"; };
		DCAD71AA24A3D3E20015C680 /* DetailsViewController.h */ = {isa = PBXFileReference; lastKnownFileType = sourcecode.c.h; path = DetailsViewController.h; sourceTree = "<group>"; };
		DCAD71AB24A3D3E20015C680 /* DetailsViewController.m */ = {isa = PBXFileReference; lastKnownFileType = sourcecode.c.objc; path = DetailsViewController.m; sourceTree = "<group>"; };
		DCAD71AD24A3EE500015C680 /* GridMoviesViewController.h */ = {isa = PBXFileReference; lastKnownFileType = sourcecode.c.h; path = GridMoviesViewController.h; sourceTree = "<group>"; };
		DCAD71AE24A3EE500015C680 /* GridMoviesViewController.m */ = {isa = PBXFileReference; lastKnownFileType = sourcecode.c.objc; path = GridMoviesViewController.m; sourceTree = "<group>"; };
		DCAD71B024A3F4AB0015C680 /* MovieCollectionCell.h */ = {isa = PBXFileReference; lastKnownFileType = sourcecode.c.h; path = MovieCollectionCell.h; sourceTree = "<group>"; };
		DCAD71B124A3F4AB0015C680 /* MovieCollectionCell.m */ = {isa = PBXFileReference; lastKnownFileType = sourcecode.c.objc; path = MovieCollectionCell.m; sourceTree = "<group>"; };
		DCBBD4E124A6724C00A36C52 /* RRViewController.h */ = {isa = PBXFileReference; lastKnownFileType = sourcecode.c.h; path = RRViewController.h; sourceTree = "<group>"; };
		DCBBD4E224A6724C00A36C52 /* RRViewController.m */ = {isa = PBXFileReference; lastKnownFileType = sourcecode.c.objc; path = RRViewController.m; sourceTree = "<group>"; };
/* End PBXFileReference section */

/* Begin PBXFrameworksBuildPhase section */
		DC9DA64524A3B9F200A02570 /* Frameworks */ = {
			isa = PBXFrameworksBuildPhase;
			buildActionMask = 2147483647;
			files = (
				96A6B3AC30CF79532B01185C /* Pods_Flix.framework in Frameworks */,
			);
			runOnlyForDeploymentPostprocessing = 0;
		};
		DC9DA66024A3B9F300A02570 /* Frameworks */ = {
			isa = PBXFrameworksBuildPhase;
			buildActionMask = 2147483647;
			files = (
				CDC91FC2F25CF473776BCF31 /* Pods_FlixTests.framework in Frameworks */,
			);
			runOnlyForDeploymentPostprocessing = 0;
		};
		DC9DA66B24A3B9F300A02570 /* Frameworks */ = {
			isa = PBXFrameworksBuildPhase;
			buildActionMask = 2147483647;
			files = (
				670B48250CA721958767FB4C /* Pods_Flix_FlixUITests.framework in Frameworks */,
			);
			runOnlyForDeploymentPostprocessing = 0;
		};
/* End PBXFrameworksBuildPhase section */

/* Begin PBXGroup section */
		152E719D46FB5F6D1926A248 /* Frameworks */ = {
			isa = PBXGroup;
			children = (
				91EB72DF390EF4CAA53952FF /* Pods_Flix.framework */,
				ACAAF58F51C7FB0E19CB5A6F /* Pods_Flix_FlixUITests.framework */,
				3AEEAA436F37D32F020424FA /* Pods_FlixTests.framework */,
			);
			name = Frameworks;
			sourceTree = "<group>";
		};
		90A187C2E242FB984C1EDFEB /* Pods */ = {
			isa = PBXGroup;
			children = (
				99E31D397AA84A3B6E35B05D /* Pods-Flix.debug.xcconfig */,
				00F2A3C641FD4F1B3515EB4E /* Pods-Flix.release.xcconfig */,
				B3A680870CAA7E3EEC1D4A54 /* Pods-Flix-FlixUITests.debug.xcconfig */,
				089297F9E09E445518615D8B /* Pods-Flix-FlixUITests.release.xcconfig */,
				6217EB6F43B5C27184641237 /* Pods-FlixTests.debug.xcconfig */,
				D9FC960EDBAD56870CB95943 /* Pods-FlixTests.release.xcconfig */,
			);
			path = Pods;
			sourceTree = "<group>";
		};
		DC9DA63F24A3B9F200A02570 = {
			isa = PBXGroup;
			children = (
				DC9DA64A24A3B9F200A02570 /* Flix */,
				DC9DA66624A3B9F300A02570 /* FlixTests */,
				DC9DA67124A3B9F300A02570 /* FlixUITests */,
				DC9DA64924A3B9F200A02570 /* Products */,
				90A187C2E242FB984C1EDFEB /* Pods */,
				152E719D46FB5F6D1926A248 /* Frameworks */,
			);
			sourceTree = "<group>";
		};
		DC9DA64924A3B9F200A02570 /* Products */ = {
			isa = PBXGroup;
			children = (
				DC9DA64824A3B9F200A02570 /* Flix.app */,
				DC9DA66324A3B9F300A02570 /* FlixTests.xctest */,
				DC9DA66E24A3B9F300A02570 /* FlixUITests.xctest */,
			);
			name = Products;
			sourceTree = "<group>";
		};
		DC9DA64A24A3B9F200A02570 /* Flix */ = {
			isa = PBXGroup;
			children = (
				DC9DA68524A3BF3B00A02570 /* Models */,
				DC9DA68424A3BF2900A02570 /* Views */,
				DC9DA68324A3BF1200A02570 /* ViewController */,
				DC9DA64B24A3B9F200A02570 /* AppDelegate.h */,
				DC9DA64C24A3B9F200A02570 /* AppDelegate.m */,
				DC9DA64E24A3B9F200A02570 /* SceneDelegate.h */,
				DC9DA64F24A3B9F200A02570 /* SceneDelegate.m */,
				DC9DA65424A3B9F200A02570 /* Main.storyboard */,
				DC9DA65724A3B9F300A02570 /* Assets.xcassets */,
				DC9DA65924A3B9F300A02570 /* LaunchScreen.storyboard */,
				DC9DA65C24A3B9F300A02570 /* Info.plist */,
				DC9DA65D24A3B9F300A02570 /* main.m */,
			);
			path = Flix;
			sourceTree = "<group>";
		};
		DC9DA66624A3B9F300A02570 /* FlixTests */ = {
			isa = PBXGroup;
			children = (
				DC9DA66724A3B9F300A02570 /* FlixTests.m */,
				DC9DA66924A3B9F300A02570 /* Info.plist */,
			);
			path = FlixTests;
			sourceTree = "<group>";
		};
		DC9DA67124A3B9F300A02570 /* FlixUITests */ = {
			isa = PBXGroup;
			children = (
				DC9DA67224A3B9F300A02570 /* FlixUITests.m */,
				DC9DA67424A3B9F300A02570 /* Info.plist */,
			);
			path = FlixUITests;
			sourceTree = "<group>";
		};
		DC9DA68324A3BF1200A02570 /* ViewController */ = {
			isa = PBXGroup;
			children = (
				DC9DA68024A3BEBB00A02570 /* MoviesViewController.h */,
				DC9DA68124A3BEBB00A02570 /* MoviesViewController.m */,
				DCAD71AA24A3D3E20015C680 /* DetailsViewController.h */,
				DCAD71AB24A3D3E20015C680 /* DetailsViewController.m */,
				DCAD71AD24A3EE500015C680 /* GridMoviesViewController.h */,
				DCAD71AE24A3EE500015C680 /* GridMoviesViewController.m */,
				DC42C2AC24A55394000D1A31 /* WebViewController.h */,
				DC42C2AD24A55394000D1A31 /* WebViewController.m */,
				DCBBD4E124A6724C00A36C52 /* RRViewController.h */,
				DCBBD4E224A6724C00A36C52 /* RRViewController.m */,
			);
			path = ViewController;
			sourceTree = "<group>";
		};
		DC9DA68424A3BF2900A02570 /* Views */ = {
			isa = PBXGroup;
			children = (
				DCAD71A724A3C9840015C680 /* MovieCell.h */,
				DCAD71A824A3C9840015C680 /* MovieCell.m */,
				DCAD71B024A3F4AB0015C680 /* MovieCollectionCell.h */,
				DCAD71B124A3F4AB0015C680 /* MovieCollectionCell.m */,
				DC5C03A824A6703E002B4360 /* RatingCell.h */,
				DC5C03A924A6703E002B4360 /* RatingCell.m */,
			);
			path = Views;
			sourceTree = "<group>";
		};
		DC9DA68524A3BF3B00A02570 /* Models */ = {
			isa = PBXGroup;
			children = (
			);
			path = Models;
			sourceTree = "<group>";
		};
/* End PBXGroup section */

/* Begin PBXNativeTarget section */
		DC9DA64724A3B9F200A02570 /* Flix */ = {
			isa = PBXNativeTarget;
			buildConfigurationList = DC9DA67724A3B9F300A02570 /* Build configuration list for PBXNativeTarget "Flix" */;
			buildPhases = (
				B6D674354E9410F119F75DC2 /* [CP] Check Pods Manifest.lock */,
				DC9DA64424A3B9F200A02570 /* Sources */,
				DC9DA64524A3B9F200A02570 /* Frameworks */,
				DC9DA64624A3B9F200A02570 /* Resources */,
				3EB4240F80700139A11BC94D /* [CP] Embed Pods Frameworks */,
			);
			buildRules = (
			);
			dependencies = (
			);
			name = Flix;
			productName = Flix;
			productReference = DC9DA64824A3B9F200A02570 /* Flix.app */;
			productType = "com.apple.product-type.application";
		};
		DC9DA66224A3B9F300A02570 /* FlixTests */ = {
			isa = PBXNativeTarget;
			buildConfigurationList = DC9DA67A24A3B9F300A02570 /* Build configuration list for PBXNativeTarget "FlixTests" */;
			buildPhases = (
				3AD0E4A375784B85B4B1431C /* [CP] Check Pods Manifest.lock */,
				DC9DA65F24A3B9F300A02570 /* Sources */,
				DC9DA66024A3B9F300A02570 /* Frameworks */,
				DC9DA66124A3B9F300A02570 /* Resources */,
			);
			buildRules = (
			);
			dependencies = (
				DC9DA66524A3B9F300A02570 /* PBXTargetDependency */,
			);
			name = FlixTests;
			productName = FlixTests;
			productReference = DC9DA66324A3B9F300A02570 /* FlixTests.xctest */;
			productType = "com.apple.product-type.bundle.unit-test";
		};
		DC9DA66D24A3B9F300A02570 /* FlixUITests */ = {
			isa = PBXNativeTarget;
			buildConfigurationList = DC9DA67D24A3B9F300A02570 /* Build configuration list for PBXNativeTarget "FlixUITests" */;
			buildPhases = (
				B56CC2A01EC7601B64A988E5 /* [CP] Check Pods Manifest.lock */,
				DC9DA66A24A3B9F300A02570 /* Sources */,
				DC9DA66B24A3B9F300A02570 /* Frameworks */,
				DC9DA66C24A3B9F300A02570 /* Resources */,
				10CDBDE39B966CE71D3BA5F1 /* [CP] Embed Pods Frameworks */,
			);
			buildRules = (
			);
			dependencies = (
				DC9DA67024A3B9F300A02570 /* PBXTargetDependency */,
			);
			name = FlixUITests;
			productName = FlixUITests;
			productReference = DC9DA66E24A3B9F300A02570 /* FlixUITests.xctest */;
			productType = "com.apple.product-type.bundle.ui-testing";
		};
/* End PBXNativeTarget section */

/* Begin PBXProject section */
		DC9DA64024A3B9F200A02570 /* Project object */ = {
			isa = PBXProject;
			attributes = {
				LastUpgradeCheck = 1150;
				ORGANIZATIONNAME = laurentsai;
				TargetAttributes = {
					DC9DA64724A3B9F200A02570 = {
						CreatedOnToolsVersion = 11.5;
					};
					DC9DA66224A3B9F300A02570 = {
						CreatedOnToolsVersion = 11.5;
						TestTargetID = DC9DA64724A3B9F200A02570;
					};
					DC9DA66D24A3B9F300A02570 = {
						CreatedOnToolsVersion = 11.5;
						TestTargetID = DC9DA64724A3B9F200A02570;
					};
				};
			};
			buildConfigurationList = DC9DA64324A3B9F200A02570 /* Build configuration list for PBXProject "Flix" */;
			compatibilityVersion = "Xcode 9.3";
			developmentRegion = en;
			hasScannedForEncodings = 0;
			knownRegions = (
				en,
				Base,
			);
			mainGroup = DC9DA63F24A3B9F200A02570;
			productRefGroup = DC9DA64924A3B9F200A02570 /* Products */;
			projectDirPath = "";
			projectRoot = "";
			targets = (
				DC9DA64724A3B9F200A02570 /* Flix */,
				DC9DA66224A3B9F300A02570 /* FlixTests */,
				DC9DA66D24A3B9F300A02570 /* FlixUITests */,
			);
		};
/* End PBXProject section */

/* Begin PBXResourcesBuildPhase section */
		DC9DA64624A3B9F200A02570 /* Resources */ = {
			isa = PBXResourcesBuildPhase;
			buildActionMask = 2147483647;
			files = (
				DC9DA65B24A3B9F300A02570 /* LaunchScreen.storyboard in Resources */,
				DC9DA65824A3B9F300A02570 /* Assets.xcassets in Resources */,
				DC9DA65624A3B9F200A02570 /* Main.storyboard in Resources */,
			);
			runOnlyForDeploymentPostprocessing = 0;
		};
		DC9DA66124A3B9F300A02570 /* Resources */ = {
			isa = PBXResourcesBuildPhase;
			buildActionMask = 2147483647;
			files = (
			);
			runOnlyForDeploymentPostprocessing = 0;
		};
		DC9DA66C24A3B9F300A02570 /* Resources */ = {
			isa = PBXResourcesBuildPhase;
			buildActionMask = 2147483647;
			files = (
			);
			runOnlyForDeploymentPostprocessing = 0;
		};
/* End PBXResourcesBuildPhase section */

/* Begin PBXShellScriptBuildPhase section */
		10CDBDE39B966CE71D3BA5F1 /* [CP] Embed Pods Frameworks */ = {
			isa = PBXShellScriptBuildPhase;
			buildActionMask = 2147483647;
			files = (
			);
			inputFileListPaths = (
				"${PODS_ROOT}/Target Support Files/Pods-Flix-FlixUITests/Pods-Flix-FlixUITests-frameworks-${CONFIGURATION}-input-files.xcfilelist",
			);
			name = "[CP] Embed Pods Frameworks";
			outputFileListPaths = (
				"${PODS_ROOT}/Target Support Files/Pods-Flix-FlixUITests/Pods-Flix-FlixUITests-frameworks-${CONFIGURATION}-output-files.xcfilelist",
			);
			runOnlyForDeploymentPostprocessing = 0;
			shellPath = /bin/sh;
			shellScript = "\"${PODS_ROOT}/Target Support Files/Pods-Flix-FlixUITests/Pods-Flix-FlixUITests-frameworks.sh\"\n";
			showEnvVarsInLog = 0;
		};
		3AD0E4A375784B85B4B1431C /* [CP] Check Pods Manifest.lock */ = {
			isa = PBXShellScriptBuildPhase;
			buildActionMask = 2147483647;
			files = (
			);
			inputFileListPaths = (
			);
			inputPaths = (
				"${PODS_PODFILE_DIR_PATH}/Podfile.lock",
				"${PODS_ROOT}/Manifest.lock",
			);
			name = "[CP] Check Pods Manifest.lock";
			outputFileListPaths = (
			);
			outputPaths = (
				"$(DERIVED_FILE_DIR)/Pods-FlixTests-checkManifestLockResult.txt",
			);
			runOnlyForDeploymentPostprocessing = 0;
			shellPath = /bin/sh;
			shellScript = "diff \"${PODS_PODFILE_DIR_PATH}/Podfile.lock\" \"${PODS_ROOT}/Manifest.lock\" > /dev/null\nif [ $? != 0 ] ; then\n    # print error to STDERR\n    echo \"error: The sandbox is not in sync with the Podfile.lock. Run 'pod install' or update your CocoaPods installation.\" >&2\n    exit 1\nfi\n# This output is used by Xcode 'outputs' to avoid re-running this script phase.\necho \"SUCCESS\" > \"${SCRIPT_OUTPUT_FILE_0}\"\n";
			showEnvVarsInLog = 0;
		};
		3EB4240F80700139A11BC94D /* [CP] Embed Pods Frameworks */ = {
			isa = PBXShellScriptBuildPhase;
			buildActionMask = 2147483647;
			files = (
			);
			inputFileListPaths = (
				"${PODS_ROOT}/Target Support Files/Pods-Flix/Pods-Flix-frameworks-${CONFIGURATION}-input-files.xcfilelist",
			);
			name = "[CP] Embed Pods Frameworks";
			outputFileListPaths = (
				"${PODS_ROOT}/Target Support Files/Pods-Flix/Pods-Flix-frameworks-${CONFIGURATION}-output-files.xcfilelist",
			);
			runOnlyForDeploymentPostprocessing = 0;
			shellPath = /bin/sh;
			shellScript = "\"${PODS_ROOT}/Target Support Files/Pods-Flix/Pods-Flix-frameworks.sh\"\n";
			showEnvVarsInLog = 0;
		};
		B56CC2A01EC7601B64A988E5 /* [CP] Check Pods Manifest.lock */ = {
			isa = PBXShellScriptBuildPhase;
			buildActionMask = 2147483647;
			files = (
			);
			inputFileListPaths = (
			);
			inputPaths = (
				"${PODS_PODFILE_DIR_PATH}/Podfile.lock",
				"${PODS_ROOT}/Manifest.lock",
			);
			name = "[CP] Check Pods Manifest.lock";
			outputFileListPaths = (
			);
			outputPaths = (
				"$(DERIVED_FILE_DIR)/Pods-Flix-FlixUITests-checkManifestLockResult.txt",
			);
			runOnlyForDeploymentPostprocessing = 0;
			shellPath = /bin/sh;
			shellScript = "diff \"${PODS_PODFILE_DIR_PATH}/Podfile.lock\" \"${PODS_ROOT}/Manifest.lock\" > /dev/null\nif [ $? != 0 ] ; then\n    # print error to STDERR\n    echo \"error: The sandbox is not in sync with the Podfile.lock. Run 'pod install' or update your CocoaPods installation.\" >&2\n    exit 1\nfi\n# This output is used by Xcode 'outputs' to avoid re-running this script phase.\necho \"SUCCESS\" > \"${SCRIPT_OUTPUT_FILE_0}\"\n";
			showEnvVarsInLog = 0;
		};
		B6D674354E9410F119F75DC2 /* [CP] Check Pods Manifest.lock */ = {
			isa = PBXShellScriptBuildPhase;
			buildActionMask = 2147483647;
			files = (
			);
			inputFileListPaths = (
			);
			inputPaths = (
				"${PODS_PODFILE_DIR_PATH}/Podfile.lock",
				"${PODS_ROOT}/Manifest.lock",
			);
			name = "[CP] Check Pods Manifest.lock";
			outputFileListPaths = (
			);
			outputPaths = (
				"$(DERIVED_FILE_DIR)/Pods-Flix-checkManifestLockResult.txt",
			);
			runOnlyForDeploymentPostprocessing = 0;
			shellPath = /bin/sh;
			shellScript = "diff \"${PODS_PODFILE_DIR_PATH}/Podfile.lock\" \"${PODS_ROOT}/Manifest.lock\" > /dev/null\nif [ $? != 0 ] ; then\n    # print error to STDERR\n    echo \"error: The sandbox is not in sync with the Podfile.lock. Run 'pod install' or update your CocoaPods installation.\" >&2\n    exit 1\nfi\n# This output is used by Xcode 'outputs' to avoid re-running this script phase.\necho \"SUCCESS\" > \"${SCRIPT_OUTPUT_FILE_0}\"\n";
			showEnvVarsInLog = 0;
		};
/* End PBXShellScriptBuildPhase section */

/* Begin PBXSourcesBuildPhase section */
		DC9DA64424A3B9F200A02570 /* Sources */ = {
			isa = PBXSourcesBuildPhase;
			buildActionMask = 2147483647;
			files = (
				DC9DA64D24A3B9F200A02570 /* AppDelegate.m in Sources */,
				DCAD71A924A3C9840015C680 /* MovieCell.m in Sources */,
				DC5C03AA24A6703E002B4360 /* RatingCell.m in Sources */,
				DCBBD4E324A6724C00A36C52 /* RRViewController.m in Sources */,
				DC9DA68224A3BEBB00A02570 /* MoviesViewController.m in Sources */,
				DCAD71AC24A3D3E20015C680 /* DetailsViewController.m in Sources */,
				DC42C2AE24A55394000D1A31 /* WebViewController.m in Sources */,
				DCAD71B224A3F4AB0015C680 /* MovieCollectionCell.m in Sources */,
				DC9DA65E24A3B9F300A02570 /* main.m in Sources */,
				DC9DA65024A3B9F200A02570 /* SceneDelegate.m in Sources */,
				DCAD71AF24A3EE500015C680 /* GridMoviesViewController.m in Sources */,
			);
			runOnlyForDeploymentPostprocessing = 0;
		};
		DC9DA65F24A3B9F300A02570 /* Sources */ = {
			isa = PBXSourcesBuildPhase;
			buildActionMask = 2147483647;
			files = (
				DC9DA66824A3B9F300A02570 /* FlixTests.m in Sources */,
			);
			runOnlyForDeploymentPostprocessing = 0;
		};
		DC9DA66A24A3B9F300A02570 /* Sources */ = {
			isa = PBXSourcesBuildPhase;
			buildActionMask = 2147483647;
			files = (
				DC9DA67324A3B9F300A02570 /* FlixUITests.m in Sources */,
			);
			runOnlyForDeploymentPostprocessing = 0;
		};
/* End PBXSourcesBuildPhase section */

/* Begin PBXTargetDependency section */
		DC9DA66524A3B9F300A02570 /* PBXTargetDependency */ = {
			isa = PBXTargetDependency;
			target = DC9DA64724A3B9F200A02570 /* Flix */;
			targetProxy = DC9DA66424A3B9F300A02570 /* PBXContainerItemProxy */;
		};
		DC9DA67024A3B9F300A02570 /* PBXTargetDependency */ = {
			isa = PBXTargetDependency;
			target = DC9DA64724A3B9F200A02570 /* Flix */;
			targetProxy = DC9DA66F24A3B9F300A02570 /* PBXContainerItemProxy */;
		};
/* End PBXTargetDependency section */

/* Begin PBXVariantGroup section */
		DC9DA65424A3B9F200A02570 /* Main.storyboard */ = {
			isa = PBXVariantGroup;
			children = (
				DC9DA65524A3B9F200A02570 /* Base */,
			);
			name = Main.storyboard;
			sourceTree = "<group>";
		};
		DC9DA65924A3B9F300A02570 /* LaunchScreen.storyboard */ = {
			isa = PBXVariantGroup;
			children = (
				DC9DA65A24A3B9F300A02570 /* Base */,
			);
			name = LaunchScreen.storyboard;
			sourceTree = "<group>";
		};
/* End PBXVariantGroup section */

/* Begin XCBuildConfiguration section */
		DC9DA67524A3B9F300A02570 /* Debug */ = {
			isa = XCBuildConfiguration;
			buildSettings = {
				ALWAYS_SEARCH_USER_PATHS = NO;
				CLANG_ANALYZER_NONNULL = YES;
				CLANG_ANALYZER_NUMBER_OBJECT_CONVERSION = YES_AGGRESSIVE;
				CLANG_CXX_LANGUAGE_STANDARD = "gnu++14";
				CLANG_CXX_LIBRARY = "libc++";
				CLANG_ENABLE_MODULES = YES;
				CLANG_ENABLE_OBJC_ARC = YES;
				CLANG_ENABLE_OBJC_WEAK = YES;
				CLANG_WARN_BLOCK_CAPTURE_AUTORELEASING = YES;
				CLANG_WARN_BOOL_CONVERSION = YES;
				CLANG_WARN_COMMA = YES;
				CLANG_WARN_CONSTANT_CONVERSION = YES;
				CLANG_WARN_DEPRECATED_OBJC_IMPLEMENTATIONS = YES;
				CLANG_WARN_DIRECT_OBJC_ISA_USAGE = YES_ERROR;
				CLANG_WARN_DOCUMENTATION_COMMENTS = YES;
				CLANG_WARN_EMPTY_BODY = YES;
				CLANG_WARN_ENUM_CONVERSION = YES;
				CLANG_WARN_INFINITE_RECURSION = YES;
				CLANG_WARN_INT_CONVERSION = YES;
				CLANG_WARN_NON_LITERAL_NULL_CONVERSION = YES;
				CLANG_WARN_OBJC_IMPLICIT_RETAIN_SELF = YES;
				CLANG_WARN_OBJC_LITERAL_CONVERSION = YES;
				CLANG_WARN_OBJC_ROOT_CLASS = YES_ERROR;
				CLANG_WARN_RANGE_LOOP_ANALYSIS = YES;
				CLANG_WARN_STRICT_PROTOTYPES = YES;
				CLANG_WARN_SUSPICIOUS_MOVE = YES;
				CLANG_WARN_UNGUARDED_AVAILABILITY = YES_AGGRESSIVE;
				CLANG_WARN_UNREACHABLE_CODE = YES;
				CLANG_WARN__DUPLICATE_METHOD_MATCH = YES;
				COPY_PHASE_STRIP = NO;
				DEBUG_INFORMATION_FORMAT = dwarf;
				ENABLE_STRICT_OBJC_MSGSEND = YES;
				ENABLE_TESTABILITY = YES;
				GCC_C_LANGUAGE_STANDARD = gnu11;
				GCC_DYNAMIC_NO_PIC = NO;
				GCC_NO_COMMON_BLOCKS = YES;
				GCC_OPTIMIZATION_LEVEL = 0;
				GCC_PREPROCESSOR_DEFINITIONS = (
					"DEBUG=1",
					"$(inherited)",
				);
				GCC_WARN_64_TO_32_BIT_CONVERSION = YES;
				GCC_WARN_ABOUT_RETURN_TYPE = YES_ERROR;
				GCC_WARN_UNDECLARED_SELECTOR = YES;
				GCC_WARN_UNINITIALIZED_AUTOS = YES_AGGRESSIVE;
				GCC_WARN_UNUSED_FUNCTION = YES;
				GCC_WARN_UNUSED_VARIABLE = YES;
				IPHONEOS_DEPLOYMENT_TARGET = 13.5;
				MTL_ENABLE_DEBUG_INFO = INCLUDE_SOURCE;
				MTL_FAST_MATH = YES;
				ONLY_ACTIVE_ARCH = YES;
				SDKROOT = iphoneos;
			};
			name = Debug;
		};
		DC9DA67624A3B9F300A02570 /* Release */ = {
			isa = XCBuildConfiguration;
			buildSettings = {
				ALWAYS_SEARCH_USER_PATHS = NO;
				CLANG_ANALYZER_NONNULL = YES;
				CLANG_ANALYZER_NUMBER_OBJECT_CONVERSION = YES_AGGRESSIVE;
				CLANG_CXX_LANGUAGE_STANDARD = "gnu++14";
				CLANG_CXX_LIBRARY = "libc++";
				CLANG_ENABLE_MODULES = YES;
				CLANG_ENABLE_OBJC_ARC = YES;
				CLANG_ENABLE_OBJC_WEAK = YES;
				CLANG_WARN_BLOCK_CAPTURE_AUTORELEASING = YES;
				CLANG_WARN_BOOL_CONVERSION = YES;
				CLANG_WARN_COMMA = YES;
				CLANG_WARN_CONSTANT_CONVERSION = YES;
				CLANG_WARN_DEPRECATED_OBJC_IMPLEMENTATIONS = YES;
				CLANG_WARN_DIRECT_OBJC_ISA_USAGE = YES_ERROR;
				CLANG_WARN_DOCUMENTATION_COMMENTS = YES;
				CLANG_WARN_EMPTY_BODY = YES;
				CLANG_WARN_ENUM_CONVERSION = YES;
				CLANG_WARN_INFINITE_RECURSION = YES;
				CLANG_WARN_INT_CONVERSION = YES;
				CLANG_WARN_NON_LITERAL_NULL_CONVERSION = YES;
				CLANG_WARN_OBJC_IMPLICIT_RETAIN_SELF = YES;
				CLANG_WARN_OBJC_LITERAL_CONVERSION = YES;
				CLANG_WARN_OBJC_ROOT_CLASS = YES_ERROR;
				CLANG_WARN_RANGE_LOOP_ANALYSIS = YES;
				CLANG_WARN_STRICT_PROTOTYPES = YES;
				CLANG_WARN_SUSPICIOUS_MOVE = YES;
				CLANG_WARN_UNGUARDED_AVAILABILITY = YES_AGGRESSIVE;
				CLANG_WARN_UNREACHABLE_CODE = YES;
				CLANG_WARN__DUPLICATE_METHOD_MATCH = YES;
				COPY_PHASE_STRIP = NO;
				DEBUG_INFORMATION_FORMAT = "dwarf-with-dsym";
				ENABLE_NS_ASSERTIONS = NO;
				ENABLE_STRICT_OBJC_MSGSEND = YES;
				GCC_C_LANGUAGE_STANDARD = gnu11;
				GCC_NO_COMMON_BLOCKS = YES;
				GCC_WARN_64_TO_32_BIT_CONVERSION = YES;
				GCC_WARN_ABOUT_RETURN_TYPE = YES_ERROR;
				GCC_WARN_UNDECLARED_SELECTOR = YES;
				GCC_WARN_UNINITIALIZED_AUTOS = YES_AGGRESSIVE;
				GCC_WARN_UNUSED_FUNCTION = YES;
				GCC_WARN_UNUSED_VARIABLE = YES;
				IPHONEOS_DEPLOYMENT_TARGET = 13.5;
				MTL_ENABLE_DEBUG_INFO = NO;
				MTL_FAST_MATH = YES;
				SDKROOT = iphoneos;
				VALIDATE_PRODUCT = YES;
			};
			name = Release;
		};
		DC9DA67824A3B9F300A02570 /* Debug */ = {
			isa = XCBuildConfiguration;
			baseConfigurationReference = 99E31D397AA84A3B6E35B05D /* Pods-Flix.debug.xcconfig */;
			buildSettings = {
				ASSETCATALOG_COMPILER_APPICON_NAME = AppIcon;
				CODE_SIGN_STYLE = Automatic;
				DEVELOPMENT_TEAM = SL6QTNT4Q5;
				INFOPLIST_FILE = Flix/Info.plist;
				LD_RUNPATH_SEARCH_PATHS = (
					"$(inherited)",
					"@executable_path/Frameworks",
				);
				PRODUCT_BUNDLE_IDENTIFIER = com.laurentsai.Flix;
				PRODUCT_NAME = "$(TARGET_NAME)";
				TARGETED_DEVICE_FAMILY = "1,2";
			};
			name = Debug;
		};
		DC9DA67924A3B9F300A02570 /* Release */ = {
			isa = XCBuildConfiguration;
			baseConfigurationReference = 00F2A3C641FD4F1B3515EB4E /* Pods-Flix.release.xcconfig */;
			buildSettings = {
				ASSETCATALOG_COMPILER_APPICON_NAME = AppIcon;
				CODE_SIGN_STYLE = Automatic;
				DEVELOPMENT_TEAM = SL6QTNT4Q5;
				INFOPLIST_FILE = Flix/Info.plist;
				LD_RUNPATH_SEARCH_PATHS = (
					"$(inherited)",
					"@executable_path/Frameworks",
				);
				PRODUCT_BUNDLE_IDENTIFIER = com.laurentsai.Flix;
				PRODUCT_NAME = "$(TARGET_NAME)";
				TARGETED_DEVICE_FAMILY = "1,2";
			};
			name = Release;
		};
		DC9DA67B24A3B9F300A02570 /* Debug */ = {
			isa = XCBuildConfiguration;
			baseConfigurationReference = 6217EB6F43B5C27184641237 /* Pods-FlixTests.debug.xcconfig */;
			buildSettings = {
				BUNDLE_LOADER = "$(TEST_HOST)";
				CODE_SIGN_STYLE = Automatic;
				INFOPLIST_FILE = FlixTests/Info.plist;
				IPHONEOS_DEPLOYMENT_TARGET = 13.5;
				LD_RUNPATH_SEARCH_PATHS = (
					"$(inherited)",
					"@executable_path/Frameworks",
					"@loader_path/Frameworks",
				);
				PRODUCT_BUNDLE_IDENTIFIER = com.laurentsai.FlixTests;
				PRODUCT_NAME = "$(TARGET_NAME)";
				TARGETED_DEVICE_FAMILY = "1,2";
				TEST_HOST = "$(BUILT_PRODUCTS_DIR)/Flix.app/Flix";
			};
			name = Debug;
		};
		DC9DA67C24A3B9F300A02570 /* Release */ = {
			isa = XCBuildConfiguration;
			baseConfigurationReference = D9FC960EDBAD56870CB95943 /* Pods-FlixTests.release.xcconfig */;
			buildSettings = {
				BUNDLE_LOADER = "$(TEST_HOST)";
				CODE_SIGN_STYLE = Automatic;
				INFOPLIST_FILE = FlixTests/Info.plist;
				IPHONEOS_DEPLOYMENT_TARGET = 13.5;
				LD_RUNPATH_SEARCH_PATHS = (
					"$(inherited)",
					"@executable_path/Frameworks",
					"@loader_path/Frameworks",
				);
				PRODUCT_BUNDLE_IDENTIFIER = com.laurentsai.FlixTests;
				PRODUCT_NAME = "$(TARGET_NAME)";
				TARGETED_DEVICE_FAMILY = "1,2";
				TEST_HOST = "$(BUILT_PRODUCTS_DIR)/Flix.app/Flix";
			};
			name = Release;
		};
		DC9DA67E24A3B9F300A02570 /* Debug */ = {
			isa = XCBuildConfiguration;
			baseConfigurationReference = B3A680870CAA7E3EEC1D4A54 /* Pods-Flix-FlixUITests.debug.xcconfig */;
			buildSettings = {
				CODE_SIGN_STYLE = Automatic;
				INFOPLIST_FILE = FlixUITests/Info.plist;
				LD_RUNPATH_SEARCH_PATHS = (
					"$(inherited)",
					"@executable_path/Frameworks",
					"@loader_path/Frameworks",
				);
				PRODUCT_BUNDLE_IDENTIFIER = com.laurentsai.FlixUITests;
				PRODUCT_NAME = "$(TARGET_NAME)";
				TARGETED_DEVICE_FAMILY = "1,2";
				TEST_TARGET_NAME = Flix;
			};
			name = Debug;
		};
		DC9DA67F24A3B9F300A02570 /* Release */ = {
			isa = XCBuildConfiguration;
			baseConfigurationReference = 089297F9E09E445518615D8B /* Pods-Flix-FlixUITests.release.xcconfig */;
			buildSettings = {
				CODE_SIGN_STYLE = Automatic;
				INFOPLIST_FILE = FlixUITests/Info.plist;
				LD_RUNPATH_SEARCH_PATHS = (
					"$(inherited)",
					"@executable_path/Frameworks",
					"@loader_path/Frameworks",
				);
				PRODUCT_BUNDLE_IDENTIFIER = com.laurentsai.FlixUITests;
				PRODUCT_NAME = "$(TARGET_NAME)";
				TARGETED_DEVICE_FAMILY = "1,2";
				TEST_TARGET_NAME = Flix;
			};
			name = Release;
		};
/* End XCBuildConfiguration section */

/* Begin XCConfigurationList section */
		DC9DA64324A3B9F200A02570 /* Build configuration list for PBXProject "Flix" */ = {
			isa = XCConfigurationList;
			buildConfigurations = (
				DC9DA67524A3B9F300A02570 /* Debug */,
				DC9DA67624A3B9F300A02570 /* Release */,
			);
			defaultConfigurationIsVisible = 0;
			defaultConfigurationName = Release;
		};
		DC9DA67724A3B9F300A02570 /* Build configuration list for PBXNativeTarget "Flix" */ = {
			isa = XCConfigurationList;
			buildConfigurations = (
				DC9DA67824A3B9F300A02570 /* Debug */,
				DC9DA67924A3B9F300A02570 /* Release */,
			);
			defaultConfigurationIsVisible = 0;
			defaultConfigurationName = Release;
		};
		DC9DA67A24A3B9F300A02570 /* Build configuration list for PBXNativeTarget "FlixTests" */ = {
			isa = XCConfigurationList;
			buildConfigurations = (
				DC9DA67B24A3B9F300A02570 /* Debug */,
				DC9DA67C24A3B9F300A02570 /* Release */,
			);
			defaultConfigurationIsVisible = 0;
			defaultConfigurationName = Release;
		};
		DC9DA67D24A3B9F300A02570 /* Build configuration list for PBXNativeTarget "FlixUITests" */ = {
			isa = XCConfigurationList;
			buildConfigurations = (
				DC9DA67E24A3B9F300A02570 /* Debug */,
				DC9DA67F24A3B9F300A02570 /* Release */,
			);
			defaultConfigurationIsVisible = 0;
			defaultConfigurationName = Release;
		};
/* End XCConfigurationList section */
	};
	rootObject = DC9DA64024A3B9F200A02570 /* Project object */;
}
